// !$*UTF8*$!
{
	archiveVersion = 1;
	classes = {};
	objectVersion = 77;
	objects = {

/* Begin PBXBuildFile section */
		A10000000000000000000001 /* Models.swift in Sources */ = {isa = PBXBuildFile; fileRef = A20000000000000000000001 /* Models.swift */; };
		A10000000000000000000002 /* AppCatalogScanner.swift in Sources */ = {isa = PBXBuildFile; fileRef = A20000000000000000000002 /* AppCatalogScanner.swift */; };
		A10000000000000000000003 /* LayoutStore.swift in Sources */ = {isa = PBXBuildFile; fileRef = A20000000000000000000003 /* LayoutStore.swift */; };
		A10000000000000000000004 /* PlatformServices.swift in Sources */ = {isa = PBXBuildFile; fileRef = A20000000000000000000004 /* PlatformServices.swift */; };
		A10000000000000000000015 /* LocalDiagnostics.swift in Sources */ = {isa = PBXBuildFile; fileRef = A20000000000000000000015 /* LocalDiagnostics.swift */; };
		A10000000000000000000018 /* LauncherLayout.swift in Sources */ = {isa = PBXBuildFile; fileRef = A20000000000000000000018 /* LauncherLayout.swift */; };
		A10000000000000000000019 /* ApplicationDirectoryWatcher.swift in Sources */ = {isa = PBXBuildFile; fileRef = A20000000000000000000019 /* ApplicationDirectoryWatcher.swift */; };
		A10000000000000000000020 /* LauncherPreferences.swift in Sources */ = {isa = PBXBuildFile; fileRef = A20000000000000000000020 /* LauncherPreferences.swift */; };
		A10000000000000000000021 /* SettingsWindowController.swift in Sources */ = {isa = PBXBuildFile; fileRef = A20000000000000000000021 /* SettingsWindowController.swift */; };
		A10000000000000000000022 /* CatalogSnapshotStore.swift in Sources */ = {isa = PBXBuildFile; fileRef = A20000000000000000000022 /* CatalogSnapshotStore.swift */; };
		A10000000000000000000005 /* DirectAppDelegate.swift in Sources */ = {isa = PBXBuildFile; fileRef = A20000000000000000000005 /* DirectAppDelegate.swift */; };
		A10000000000000000000006 /* LauncherWindowController.swift in Sources */ = {isa = PBXBuildFile; fileRef = A20000000000000000000006 /* LauncherWindowController.swift */; };
		A10000000000000000000007 /* StoreSpikeAppDelegate.swift in Sources */ = {isa = PBXBuildFile; fileRef = A20000000000000000000007 /* StoreSpikeAppDelegate.swift */; };
		A10000000000000000000008 /* StoreSpikeWindowController.swift in Sources */ = {isa = PBXBuildFile; fileRef = A20000000000000000000008 /* StoreSpikeWindowController.swift */; };
		A10000000000000000000009 /* LaunchIconCoreTests.swift in Sources */ = {isa = PBXBuildFile; fileRef = A20000000000000000000009 /* LaunchIconCoreTests.swift */; };
		A10000000000000000000010 /* LaunchIconCore.framework in Frameworks */ = {isa = PBXBuildFile; fileRef = A20000000000000000000010 /* LaunchIconCore.framework */; };
		A10000000000000000000011 /* LaunchIconCore.framework in Frameworks */ = {isa = PBXBuildFile; fileRef = A20000000000000000000010 /* LaunchIconCore.framework */; };
		A10000000000000000000012 /* LaunchIconCore.framework in Frameworks */ = {isa = PBXBuildFile; fileRef = A20000000000000000000010 /* LaunchIconCore.framework */; };
		A10000000000000000000013 /* LaunchIconCore.framework in Embed Frameworks */ = {isa = PBXBuildFile; fileRef = A20000000000000000000010 /* LaunchIconCore.framework */; settings = {ATTRIBUTES = (CodeSignOnCopy, RemoveHeadersOnCopy, ); }; };
		A10000000000000000000014 /* LaunchIconCore.framework in Embed Frameworks */ = {isa = PBXBuildFile; fileRef = A20000000000000000000010 /* LaunchIconCore.framework */; settings = {ATTRIBUTES = (CodeSignOnCopy, RemoveHeadersOnCopy, ); }; };
		A10000000000000000000016 /* Assets.xcassets in Resources */ = {isa = PBXBuildFile; fileRef = A20000000000000000000016 /* Assets.xcassets */; };
		A10000000000000000000017 /* Assets.xcassets in Resources */ = {isa = PBXBuildFile; fileRef = A20000000000000000000016 /* Assets.xcassets */; };
		A10000000000000000000023 /* LauncherDragUITests.swift in Sources */ = {isa = PBXBuildFile; fileRef = A20000000000000000000023 /* LauncherDragUITests.swift */; };
		A10000000000000000000025 /* Localizable.xcstrings in Resources */ = {isa = PBXBuildFile; fileRef = A20000000000000000000025 /* Localizable.xcstrings */; };
/* End PBXBuildFile section */

/* Begin PBXContainerItemProxy section */
		A30000000000000000000001 /* PBXContainerItemProxy */ = {isa = PBXContainerItemProxy; containerPortal = A40000000000000000000001 /* Project object */; proxyType = 1; remoteGlobalIDString = A50000000000000000000001; remoteInfo = LaunchIconCore; };
		A30000000000000000000002 /* PBXContainerItemProxy */ = {isa = PBXContainerItemProxy; containerPortal = A40000000000000000000001 /* Project object */; proxyType = 1; remoteGlobalIDString = A50000000000000000000001; remoteInfo = LaunchIconCore; };
		A30000000000000000000003 /* PBXContainerItemProxy */ = {isa = PBXContainerItemProxy; containerPortal = A40000000000000000000001 /* Project object */; proxyType = 1; remoteGlobalIDString = A50000000000000000000001; remoteInfo = LaunchIconCore; };
		A30000000000000000000004 /* PBXContainerItemProxy */ = {isa = PBXContainerItemProxy; containerPortal = A40000000000000000000001 /* Project object */; proxyType = 1; remoteGlobalIDString = A50000000000000000000002; remoteInfo = LaunchIconDirect; };
/* End PBXContainerItemProxy section */

/* Begin PBXFileReference section */
		A20000000000000000000001 /* Models.swift */ = {isa = PBXFileReference; lastKnownFileType = sourcecode.swift; path = Models.swift; sourceTree = "<group>"; };
		A20000000000000000000002 /* AppCatalogScanner.swift */ = {isa = PBXFileReference; lastKnownFileType = sourcecode.swift; path = AppCatalogScanner.swift; sourceTree = "<group>"; };
		A20000000000000000000003 /* LayoutStore.swift */ = {isa = PBXFileReference; lastKnownFileType = sourcecode.swift; path = LayoutStore.swift; sourceTree = "<group>"; };
		A20000000000000000000004 /* PlatformServices.swift */ = {isa = PBXFileReference; lastKnownFileType = sourcecode.swift; path = PlatformServices.swift; sourceTree = "<group>"; };
		A20000000000000000000015 /* LocalDiagnostics.swift */ = {isa = PBXFileReference; lastKnownFileType = sourcecode.swift; path = LocalDiagnostics.swift; sourceTree = "<group>"; };
		A20000000000000000000018 /* LauncherLayout.swift */ = {isa = PBXFileReference; lastKnownFileType = sourcecode.swift; path = LauncherLayout.swift; sourceTree = "<group>"; };
		A20000000000000000000019 /* ApplicationDirectoryWatcher.swift */ = {isa = PBXFileReference; lastKnownFileType = sourcecode.swift; path = ApplicationDirectoryWatcher.swift; sourceTree = "<group>"; };
		A20000000000000000000020 /* LauncherPreferences.swift */ = {isa = PBXFileReference; lastKnownFileType = sourcecode.swift; path = LauncherPreferences.swift; sourceTree = "<group>"; };
		A20000000000000000000021 /* SettingsWindowController.swift */ = {isa = PBXFileReference; lastKnownFileType = sourcecode.swift; path = SettingsWindowController.swift; sourceTree = "<group>"; };
		A20000000000000000000025 /* Localizable.xcstrings */ = {isa = PBXFileReference; lastKnownFileType = text.json.xcstrings; path = Localizable.xcstrings; sourceTree = "<group>"; };
		A20000000000000000000022 /* CatalogSnapshotStore.swift */ = {isa = PBXFileReference; lastKnownFileType = sourcecode.swift; path = CatalogSnapshotStore.swift; sourceTree = "<group>"; };
		A20000000000000000000005 /* DirectAppDelegate.swift */ = {isa = PBXFileReference; lastKnownFileType = sourcecode.swift; path = DirectAppDelegate.swift; sourceTree = "<group>"; };
		A20000000000000000000006 /* LauncherWindowController.swift */ = {isa = PBXFileReference; lastKnownFileType = sourcecode.swift; path = LauncherWindowController.swift; sourceTree = "<group>"; };
		A20000000000000000000007 /* StoreSpikeAppDelegate.swift */ = {isa = PBXFileReference; lastKnownFileType = sourcecode.swift; path = StoreSpikeAppDelegate.swift; sourceTree = "<group>"; };
		A20000000000000000000008 /* StoreSpikeWindowController.swift */ = {isa = PBXFileReference; lastKnownFileType = sourcecode.swift; path = StoreSpikeWindowController.swift; sourceTree = "<group>"; };
		A20000000000000000000009 /* LaunchIconCoreTests.swift */ = {isa = PBXFileReference; lastKnownFileType = sourcecode.swift; path = LaunchIconCoreTests.swift; sourceTree = "<group>"; };
		A20000000000000000000010 /* LaunchIconCore.framework */ = {isa = PBXFileReference; explicitFileType = wrapper.framework; includeInIndex = 0; path = LaunchIconCore.framework; sourceTree = BUILT_PRODUCTS_DIR; };
		A20000000000000000000011 /* LaunchIconDirect.app */ = {isa = PBXFileReference; explicitFileType = wrapper.application; includeInIndex = 0; path = LaunchIconDirect.app; sourceTree = BUILT_PRODUCTS_DIR; };
		A20000000000000000000012 /* LaunchIconStoreSpike.app */ = {isa = PBXFileReference; explicitFileType = wrapper.application; includeInIndex = 0; path = LaunchIconStoreSpike.app; sourceTree = BUILT_PRODUCTS_DIR; };
		A20000000000000000000013 /* LaunchIconCoreTests.xctest */ = {isa = PBXFileReference; explicitFileType = wrapper.cfbundle; includeInIndex = 0; path = LaunchIconCoreTests.xctest; sourceTree = BUILT_PRODUCTS_DIR; };
		A20000000000000000000014 /* LaunchIconStoreSpike.entitlements */ = {isa = PBXFileReference; lastKnownFileType = text.xml; path = LaunchIconStoreSpike.entitlements; sourceTree = SOURCE_ROOT; };
		A20000000000000000000016 /* Assets.xcassets */ = {isa = PBXFileReference; lastKnownFileType = folder.assetcatalog; path = Assets.xcassets; sourceTree = "<group>"; };
		A20000000000000000000023 /* LauncherDragUITests.swift */ = {isa = PBXFileReference; lastKnownFileType = sourcecode.swift; path = LauncherDragUITests.swift; sourceTree = "<group>"; };
		A20000000000000000000024 /* LaunchIconUITests.xctest */ = {isa = PBXFileReference; explicitFileType = wrapper.cfbundle; includeInIndex = 0; path = LaunchIconUITests.xctest; sourceTree = BUILT_PRODUCTS_DIR; };
/* End PBXFileReference section */

/* Begin PBXFrameworksBuildPhase section */
		A60000000000000000000001 /* Frameworks */ = {isa = PBXFrameworksBuildPhase; buildActionMask = 2147483647; files = (); runOnlyForDeploymentPostprocessing = 0; };
		A60000000000000000000002 /* Frameworks */ = {isa = PBXFrameworksBuildPhase; buildActionMask = 2147483647; files = (A10000000000000000000010 /* LaunchIconCore.framework in Frameworks */,); runOnlyForDeploymentPostprocessing = 0; };
		A60000000000000000000003 /* Frameworks */ = {isa = PBXFrameworksBuildPhase; buildActionMask = 2147483647; files = (A10000000000000000000011 /* LaunchIconCore.framework in Frameworks */,); runOnlyForDeploymentPostprocessing = 0; };
		A60000000000000000000004 /* Frameworks */ = {isa = PBXFrameworksBuildPhase; buildActionMask = 2147483647; files = (A10000000000000000000012 /* LaunchIconCore.framework in Frameworks */,); runOnlyForDeploymentPostprocessing = 0; };
/* End PBXFrameworksBuildPhase section */

/* Begin PBXCopyFilesBuildPhase section */
		A61000000000000000000001 /* Embed Frameworks */ = {isa = PBXCopyFilesBuildPhase; buildActionMask = 2147483647; dstPath = ""; dstSubfolderSpec = 10; files = (A10000000000000000000013 /* LaunchIconCore.framework in Embed Frameworks */,); name = "Embed Frameworks"; runOnlyForDeploymentPostprocessing = 0; };
		A61000000000000000000002 /* Embed Frameworks */ = {isa = PBXCopyFilesBuildPhase; buildActionMask = 2147483647; dstPath = ""; dstSubfolderSpec = 10; files = (A10000000000000000000014 /* LaunchIconCore.framework in Embed Frameworks */,); name = "Embed Frameworks"; runOnlyForDeploymentPostprocessing = 0; };
/* End PBXCopyFilesBuildPhase section */

/* Begin PBXResourcesBuildPhase section */
		A62000000000000000000001 /* Resources */ = {isa = PBXResourcesBuildPhase; buildActionMask = 2147483647; files = (A10000000000000000000016 /* Assets.xcassets in Resources */, A10000000000000000000025 /* Localizable.xcstrings in Resources */,); runOnlyForDeploymentPostprocessing = 0; };
		A62000000000000000000002 /* Resources */ = {isa = PBXResourcesBuildPhase; buildActionMask = 2147483647; files = (A10000000000000000000017 /* Assets.xcassets in Resources */,); runOnlyForDeploymentPostprocessing = 0; };
/* End PBXResourcesBuildPhase section */

/* Begin PBXGroup section */
		A70000000000000000000001 = {isa = PBXGroup; children = (A70000000000000000000002 /* Sources */, A70000000000000000000006 /* Tests */, A70000000000000000000009 /* UITests */, A70000000000000000000008 /* Resources */, A70000000000000000000007 /* Products */, A20000000000000000000014 /* LaunchIconStoreSpike.entitlements */,); sourceTree = "<group>"; };
		A70000000000000000000002 /* Sources */ = {isa = PBXGroup; children = (A70000000000000000000003 /* Core */, A70000000000000000000004 /* Direct */, A70000000000000000000005 /* StoreSpike */,); path = Sources; sourceTree = "<group>"; };
		A70000000000000000000003 /* Core */ = {isa = PBXGroup; children = (A20000000000000000000001 /* Models.swift */, A20000000000000000000002 /* AppCatalogScanner.swift */, A20000000000000000000003 /* LayoutStore.swift */, A20000000000000000000022 /* CatalogSnapshotStore.swift */, A20000000000000000000018 /* LauncherLayout.swift */, A20000000000000000000019 /* ApplicationDirectoryWatcher.swift */, A20000000000000000000020 /* LauncherPreferences.swift */, A20000000000000000000004 /* PlatformServices.swift */, A20000000000000000000015 /* LocalDiagnostics.swift */,); path = Core; sourceTree = "<group>"; };
		A70000000000000000000004 /* Direct */ = {isa = PBXGroup; children = (A20000000000000000000005 /* DirectAppDelegate.swift */, A20000000000000000000006 /* LauncherWindowController.swift */, A20000000000000000000021 /* SettingsWindowController.swift */,); path = Direct; sourceTree = "<group>"; };
		A70000000000000000000005 /* StoreSpike */ = {isa = PBXGroup; children = (A20000000000000000000007 /* StoreSpikeAppDelegate.swift */, A20000000000000000000008 /* StoreSpikeWindowController.swift */,); path = StoreSpike; sourceTree = "<group>"; };
		A70000000000000000000006 /* Tests */ = {isa = PBXGroup; children = (A20000000000000000000009 /* LaunchIconCoreTests.swift */,); path = Tests/CoreTests; sourceTree = "<group>"; };
		A70000000000000000000009 /* UITests */ = {isa = PBXGroup; children = (A20000000000000000000023 /* LauncherDragUITests.swift */,); path = Tests/UITests; sourceTree = "<group>"; };
		A70000000000000000000007 /* Products */ = {isa = PBXGroup; children = (A20000000000000000000010 /* LaunchIconCore.framework */, A20000000000000000000011 /* LaunchIconDirect.app */, A20000000000000000000012 /* LaunchIconStoreSpike.app */, A20000000000000000000013 /* LaunchIconCoreTests.xctest */, A20000000000000000000024 /* LaunchIconUITests.xctest */,); name = Products; sourceTree = "<group>"; };
		A70000000000000000000008 /* Resources */ = {isa = PBXGroup; children = (A20000000000000000000016 /* Assets.xcassets */, A20000000000000000000025 /* Localizable.xcstrings */,); path = Resources; sourceTree = "<group>"; };
/* End PBXGroup section */

/* Begin PBXNativeTarget section */
		A50000000000000000000001 /* LaunchIconCore */ = {isa = PBXNativeTarget; buildConfigurationList = A80000000000000000000002 /* Build configuration list for PBXNativeTarget "LaunchIconCore" */; buildPhases = (A60000000000000000000001 /* Frameworks */, A90000000000000000000001 /* Sources */,); buildRules = (); dependencies = (); name = LaunchIconCore; productName = LaunchIconCore; productReference = A20000000000000000000010 /* LaunchIconCore.framework */; productType = "com.apple.product-type.framework"; };
		A50000000000000000000002 /* LaunchIconDirect */ = {isa = PBXNativeTarget; buildConfigurationList = A80000000000000000000003 /* Build configuration list for PBXNativeTarget "LaunchIconDirect" */; buildPhases = (A60000000000000000000002 /* Frameworks */, A90000000000000000000002 /* Sources */, A62000000000000000000001 /* Resources */, A61000000000000000000001 /* Embed Frameworks */,); buildRules = (); dependencies = (AA00000000000000000000001 /* PBXTargetDependency */,); name = LaunchIconDirect; productName = LaunchIconDirect; productReference = A20000000000000000000011 /* LaunchIconDirect.app */; productType = "com.apple.product-type.application"; };
		A50000000000000000000003 /* LaunchIconStoreSpike */ = {isa = PBXNativeTarget; buildConfigurationList = A80000000000000000000004 /* Build configuration list for PBXNativeTarget "LaunchIconStoreSpike" */; buildPhases = (A60000000000000000000003 /* Frameworks */, A90000000000000000000003 /* Sources */, A62000000000000000000002 /* Resources */, A61000000000000000000002 /* Embed Frameworks */,); buildRules = (); dependencies = (AA00000000000000000000002 /* PBXTargetDependency */,); name = LaunchIconStoreSpike; productName = LaunchIconStoreSpike; productReference = A20000000000000000000012 /* LaunchIconStoreSpike.app */; productType = "com.apple.product-type.application"; };
		A50000000000000000000004 /* LaunchIconCoreTests */ = {isa = PBXNativeTarget; buildConfigurationList = A80000000000000000000005 /* Build configuration list for PBXNativeTarget "LaunchIconCoreTests" */; buildPhases = (A60000000000000000000004 /* Frameworks */, A90000000000000000000004 /* Sources */,); buildRules = (); dependencies = (AA00000000000000000000003 /* PBXTargetDependency */,); name = LaunchIconCoreTests; productName = LaunchIconCoreTests; productReference = A20000000000000000000013 /* LaunchIconCoreTests.xctest */; productType = "com.apple.product-type.bundle.unit-test"; };
		A50000000000000000000005 /* LaunchIconUITests */ = {isa = PBXNativeTarget; buildConfigurationList = A80000000000000000000006 /* Build configuration list for PBXNativeTarget "LaunchIconUITests" */; buildPhases = (A90000000000000000000005 /* Sources */,); buildRules = (); dependencies = (AA00000000000000000000004 /* PBXTargetDependency */,); name = LaunchIconUITests; productName = LaunchIconUITests; productReference = A20000000000000000000024 /* LaunchIconUITests.xctest */; productType = "com.apple.product-type.bundle.ui-testing"; };
/* End PBXNativeTarget section */

/* Begin PBXProject section */
		A40000000000000000000001 /* Project object */ = {isa = PBXProject; attributes = { BuildIndependentTargetsInParallel = 1; LastSwiftUpdateCheck = 2700; LastUpgradeCheck = 2700; TargetAttributes = { A50000000000000000000002 = { CreatedOnToolsVersion = 27.0; }; A50000000000000000000003 = { CreatedOnToolsVersion = 27.0; }; A50000000000000000000005 = { CreatedOnToolsVersion = 27.0; TestTargetID = A50000000000000000000002; }; }; }; buildConfigurationList = A80000000000000000000001 /* Build configuration list for PBXProject "LaunchIcon" */; compatibilityVersion = "Xcode 16.0"; developmentRegion = zh-Hans; hasScannedForEncodings = 0; knownRegions = (en, zh-Hans, Base); mainGroup = A70000000000000000000001; productRefGroup = A70000000000000000000007 /* Products */; projectDirPath = ""; projectRoot = ""; targets = (A50000000000000000000001 /* LaunchIconCore */, A50000000000000000000002 /* LaunchIconDirect */, A50000000000000000000003 /* LaunchIconStoreSpike */, A50000000000000000000004 /* LaunchIconCoreTests */, A50000000000000000000005 /* LaunchIconUITests */,); };
/* End PBXProject section */

/* Begin PBXSourcesBuildPhase section */
		A90000000000000000000001 /* Sources */ = {isa = PBXSourcesBuildPhase; buildActionMask = 2147483647; files = (A10000000000000000000001 /* Models.swift in Sources */, A10000000000000000000002 /* AppCatalogScanner.swift in Sources */, A10000000000000000000003 /* LayoutStore.swift in Sources */, A10000000000000000000022 /* CatalogSnapshotStore.swift in Sources */, A10000000000000000000018 /* LauncherLayout.swift in Sources */, A10000000000000000000019 /* ApplicationDirectoryWatcher.swift in Sources */, A10000000000000000000020 /* LauncherPreferences.swift in Sources */, A10000000000000000000004 /* PlatformServices.swift in Sources */, A10000000000000000000015 /* LocalDiagnostics.swift in Sources */,); runOnlyForDeploymentPostprocessing = 0; };
		A90000000000000000000002 /* Sources */ = {isa = PBXSourcesBuildPhase; buildActionMask = 2147483647; files = (A10000000000000000000005 /* DirectAppDelegate.swift in Sources */, A10000000000000000000006 /* LauncherWindowController.swift in Sources */, A10000000000000000000021 /* SettingsWindowController.swift in Sources */,); runOnlyForDeploymentPostprocessing = 0; };
		A90000000000000000000003 /* Sources */ = {isa = PBXSourcesBuildPhase; buildActionMask = 2147483647; files = (A10000000000000000000007 /* StoreSpikeAppDelegate.swift in Sources */, A10000000000000000000008 /* StoreSpikeWindowController.swift in Sources */,); runOnlyForDeploymentPostprocessing = 0; };
		A90000000000000000000004 /* Sources */ = {isa = PBXSourcesBuildPhase; buildActionMask = 2147483647; files = (A10000000000000000000009 /* LaunchIconCoreTests.swift in Sources */,); runOnlyForDeploymentPostprocessing = 0; };
		A90000000000000000000005 /* Sources */ = {isa = PBXSourcesBuildPhase; buildActionMask = 2147483647; files = (A10000000000000000000023 /* LauncherDragUITests.swift in Sources */,); runOnlyForDeploymentPostprocessing = 0; };
/* End PBXSourcesBuildPhase section */

/* Begin PBXTargetDependency section */
		AA00000000000000000000001 /* PBXTargetDependency */ = {isa = PBXTargetDependency; target = A50000000000000000000001 /* LaunchIconCore */; targetProxy = A30000000000000000000001 /* PBXContainerItemProxy */; };
		AA00000000000000000000002 /* PBXTargetDependency */ = {isa = PBXTargetDependency; target = A50000000000000000000001 /* LaunchIconCore */; targetProxy = A30000000000000000000002 /* PBXContainerItemProxy */; };
		AA00000000000000000000003 /* PBXTargetDependency */ = {isa = PBXTargetDependency; target = A50000000000000000000001 /* LaunchIconCore */; targetProxy = A30000000000000000000003 /* PBXContainerItemProxy */; };
		AA00000000000000000000004 /* PBXTargetDependency */ = {isa = PBXTargetDependency; target = A50000000000000000000002 /* LaunchIconDirect */; targetProxy = A30000000000000000000004 /* PBXContainerItemProxy */; };
/* End PBXTargetDependency section */

/* Begin XCBuildConfiguration section */
		AB00000000000000000000001 /* Debug */ = {isa = XCBuildConfiguration; buildSettings = { ALWAYS_SEARCH_USER_PATHS = NO; CLANG_CXX_LANGUAGE_STANDARD = "gnu++20"; MACOSX_DEPLOYMENT_TARGET = 26.0; SDKROOT = macosx; SWIFT_ACTIVE_COMPILATION_CONDITIONS = DEBUG; SWIFT_VERSION = 6.0; }; name = Debug; };
		AB00000000000000000000002 /* Release */ = {isa = XCBuildConfiguration; buildSettings = { ALWAYS_SEARCH_USER_PATHS = NO; CLANG_CXX_LANGUAGE_STANDARD = "gnu++20"; MACOSX_DEPLOYMENT_TARGET = 26.0; SDKROOT = macosx; SWIFT_COMPILATION_MODE = wholemodule; SWIFT_OPTIMIZATION_LEVEL = "-O"; SWIFT_VERSION = 6.0; }; name = Release; };
		AB00000000000000000000003 /* Debug */ = {isa = XCBuildConfiguration; buildSettings = { DEFINES_MODULE = YES; DYLIB_COMPATIBILITY_VERSION = 1; DYLIB_CURRENT_VERSION = 1; DYLIB_INSTALL_NAME_BASE = "@rpath"; ENABLE_TESTABILITY = YES; GENERATE_INFOPLIST_FILE = YES; PRODUCT_BUNDLE_IDENTIFIER = com.sunzheng.LaunchIcon.Core; PRODUCT_NAME = "$(TARGET_NAME)"; SKIP_INSTALL = YES; SWIFT_OPTIMIZATION_LEVEL = "-Onone"; }; name = Debug; };
		AB00000000000000000000004 /* Release */ = {isa = XCBuildConfiguration; buildSettings = { DEFINES_MODULE = YES; DYLIB_COMPATIBILITY_VERSION = 1; DYLIB_CURRENT_VERSION = 1; DYLIB_INSTALL_NAME_BASE = "@rpath"; GENERATE_INFOPLIST_FILE = YES; PRODUCT_BUNDLE_IDENTIFIER = com.sunzheng.LaunchIcon.Core; PRODUCT_NAME = "$(TARGET_NAME)"; SKIP_INSTALL = YES; }; name = Release; };
		AB00000000000000000000005 /* Debug */ = {isa = XCBuildConfiguration; buildSettings = { ASSETCATALOG_COMPILER_APPICON_NAME = AppIcon; CODE_SIGN_IDENTITY = "Apple Development"; CODE_SIGN_STYLE = Automatic; COPY_PHASE_STRIP = NO; CURRENT_PROJECT_VERSION = 66; DEVELOPMENT_TEAM = ""; ENABLE_HARDENED_RUNTIME = YES; GENERATE_INFOPLIST_FILE = YES; INFOPLIST_KEY_CFBundleShortVersionString = "$(MARKETING_VERSION)"; INFOPLIST_KEY_CFBundleVersion = "$(CURRENT_PROJECT_VERSION)"; INFOPLIST_KEY_LSApplicationCategoryType = "public.app-category.utilities"; LD_RUNPATH_SEARCH_PATHS = "@executable_path/../Frameworks"; MARKETING_VERSION = 1.0.0; PRODUCT_BUNDLE_IDENTIFIER = com.sunzheng.LaunchIcon; PRODUCT_NAME = LaunchIcon; SWIFT_OPTIMIZATION_LEVEL = "-Onone"; }; name = Debug; };
		AB00000000000000000000006 /* Release */ = {isa = XCBuildConfiguration; buildSettings = { ASSETCATALOG_COMPILER_APPICON_NAME = AppIcon; CODE_SIGN_IDENTITY = "Apple Development"; CODE_SIGN_STYLE = Automatic; CURRENT_PROJECT_VERSION = 66; DEVELOPMENT_TEAM = ""; ENABLE_HARDENED_RUNTIME = YES; GENERATE_INFOPLIST_FILE = YES; INFOPLIST_KEY_CFBundleShortVersionString = "$(MARKETING_VERSION)"; INFOPLIST_KEY_CFBundleVersion = "$(CURRENT_PROJECT_VERSION)"; INFOPLIST_KEY_LSApplicationCategoryType = "public.app-category.utilities"; LD_RUNPATH_SEARCH_PATHS = "@executable_path/../Frameworks"; MARKETING_VERSION = 1.0.0; PRODUCT_BUNDLE_IDENTIFIER = com.sunzheng.LaunchIcon; PRODUCT_NAME = LaunchIcon; }; name = Release; };
		AB00000000000000000000007 /* Debug */ = {isa = XCBuildConfiguration; buildSettings = { ASSETCATALOG_COMPILER_APPICON_NAME = AppIcon; CODE_SIGN_ENTITLEMENTS = LaunchIconStoreSpike.entitlements; CODE_SIGN_STYLE = Automatic; GENERATE_INFOPLIST_FILE = YES; INFOPLIST_KEY_LSApplicationCategoryType = "public.app-category.utilities"; LD_RUNPATH_SEARCH_PATHS = "@executable_path/../Frameworks"; PRODUCT_BUNDLE_IDENTIFIER = com.sunzheng.LaunchIcon.StoreSpike; PRODUCT_NAME = LaunchIconStoreSpike; SWIFT_OPTIMIZATION_LEVEL = "-Onone"; }; name = Debug; };
		AB00000000000000000000008 /* Release */ = {isa = XCBuildConfiguration; buildSettings = { ASSETCATALOG_COMPILER_APPICON_NAME = AppIcon; CODE_SIGN_ENTITLEMENTS = LaunchIconStoreSpike.entitlements; CODE_SIGN_STYLE = Automatic; GENERATE_INFOPLIST_FILE = YES; INFOPLIST_KEY_LSApplicationCategoryType = "public.app-category.utilities"; LD_RUNPATH_SEARCH_PATHS = "@executable_path/../Frameworks"; PRODUCT_BUNDLE_IDENTIFIER = com.sunzheng.LaunchIcon.StoreSpike; PRODUCT_NAME = LaunchIconStoreSpike; }; name = Release; };
		AB00000000000000000000009 /* Debug */ = {isa = XCBuildConfiguration; buildSettings = { BUNDLE_LOADER = "$(TEST_HOST)"; GENERATE_INFOPLIST_FILE = YES; PRODUCT_BUNDLE_IDENTIFIER = com.sunzheng.LaunchIcon.CoreTests; PRODUCT_NAME = "$(TARGET_NAME)"; TEST_HOST = ""; }; name = Debug; };
		AB00000000000000000000010 /* Release */ = {isa = XCBuildConfiguration; buildSettings = { BUNDLE_LOADER = "$(TEST_HOST)"; GENERATE_INFOPLIST_FILE = YES; PRODUCT_BUNDLE_IDENTIFIER = com.sunzheng.LaunchIcon.CoreTests; PRODUCT_NAME = "$(TARGET_NAME)"; TEST_HOST = ""; }; name = Release; };
		AB00000000000000000000011 /* Debug */ = {isa = XCBuildConfiguration; buildSettings = { CODE_SIGN_STYLE = Automatic; DEVELOPMENT_TEAM = ""; GENERATE_INFOPLIST_FILE = YES; PRODUCT_BUNDLE_IDENTIFIER = com.sunzheng.LaunchIcon.UITests; PRODUCT_NAME = "$(TARGET_NAME)"; SWIFT_OPTIMIZATION_LEVEL = "-Onone"; TEST_TARGET_NAME = LaunchIconDirect; }; name = Debug; };
		AB00000000000000000000012 /* Release */ = {isa = XCBuildConfiguration; buildSettings = { CODE_SIGN_STYLE = Automatic; DEVELOPMENT_TEAM = ""; GENERATE_INFOPLIST_FILE = YES; PRODUCT_BUNDLE_IDENTIFIER = com.sunzheng.LaunchIcon.UITests; PRODUCT_NAME = "$(TARGET_NAME)"; TEST_TARGET_NAME = LaunchIconDirect; }; name = Release; };
/* End XCBuildConfiguration section */

/* Begin XCConfigurationList section */
		A80000000000000000000001 /* Build configuration list for PBXProject "LaunchIcon" */ = {isa = XCConfigurationList; buildConfigurations = (AB00000000000000000000001 /* Debug */, AB00000000000000000000002 /* Release */,); defaultConfigurationIsVisible = 0; defaultConfigurationName = Release; };
		A80000000000000000000002 /* Build configuration list for PBXNativeTarget "LaunchIconCore" */ = {isa = XCConfigurationList; buildConfigurations = (AB00000000000000000000003 /* Debug */, AB00000000000000000000004 /* Release */,); defaultConfigurationIsVisible = 0; defaultConfigurationName = Release; };
		A80000000000000000000003 /* Build configuration list for PBXNativeTarget "LaunchIconDirect" */ = {isa = XCConfigurationList; buildConfigurations = (AB00000000000000000000005 /* Debug */, AB00000000000000000000006 /* Release */,); defaultConfigurationIsVisible = 0; defaultConfigurationName = Release; };
		A80000000000000000000004 /* Build configuration list for PBXNativeTarget "LaunchIconStoreSpike" */ = {isa = XCConfigurationList; buildConfigurations = (AB00000000000000000000007 /* Debug */, AB00000000000000000000008 /* Release */,); defaultConfigurationIsVisible = 0; defaultConfigurationName = Release; };
		A80000000000000000000005 /* Build configuration list for PBXNativeTarget "LaunchIconCoreTests" */ = {isa = XCConfigurationList; buildConfigurations = (AB00000000000000000000009 /* Debug */, AB00000000000000000000010 /* Release */,); defaultConfigurationIsVisible = 0; defaultConfigurationName = Release; };
		A80000000000000000000006 /* Build configuration list for PBXNativeTarget "LaunchIconUITests" */ = {isa = XCConfigurationList; buildConfigurations = (AB00000000000000000000011 /* Debug */, AB00000000000000000000012 /* Release */,); defaultConfigurationIsVisible = 0; defaultConfigurationName = Release; };
/* End XCConfigurationList section */
	};
	rootObject = A40000000000000000000001 /* Project object */;
}
